
Microsoft Visual Studio Solution File, Format Version 12.00
# Visual Studio Version 16
VisualStudioVersion = 16.0.31702.278
MinimumVisualStudioVersion = 10.0.40219.1
Project("{FAE04EC0-301F-11D3-BF4B-00C04F79EFBC}") = "TorresHanoi_ArqSoft", "TorresHanoi_ArqSoft\TorresHanoi_ArqSoft.csproj", "{90A44029-C98E-4B2A-853D-3E63225BE9AD}"
EndProject
Global
	GlobalSection(SolutionConfigurationPlatforms) = preSolution
		Debug|Any CPU = Debug|Any CPU
		Release|Any CPU = Release|Any CPU
	EndGlobalSection
	GlobalSection(ProjectConfigurationPlatforms) = postSolution
		{90A44029-C98E-4B2A-853D-3E63225BE9AD}.Debug|Any CPU.ActiveCfg = Debug|Any CPU
		{90A44029-C98E-4B2A-853D-3E63225BE9AD}.Debug|Any CPU.Build.0 = Debug|Any CPU
		{90A44029-C98E-4B2A-853D-3E63225BE9AD}.Release|Any CPU.ActiveCfg = Release|Any CPU
		{90A44029-C98E-4B2A-853D-3E63225BE9AD}.Release|Any CPU.Build.0 = Release|Any CPU
	EndGlobalSection
	GlobalSection(SolutionProperties) = preSolution
		HideSolutionNode = FALSE
	EndGlobalSection
	GlobalSection(ExtensibilityGlobals) = postSolution
		SolutionGuid = {54DB1278-27EC-4325-ABAC-592A21D52884}
	EndGlobalSection
EndGlobal
